Microsoft Visual Studio Solution File, Format Version 12.00
# Visual Studio Version 17
VisualStudioVersion = 17.11.34929.205
MinimumVisualStudioVersion = 10.0.40219.1
Project("{FAE04EC0-301F-11D3-BF4B-00C04F79EFBC}") = "Steamworks.Engine.XNA", "Steamworks.Engine.XNA.csproj", "{0EBC2076-EEB2-402A-93DC-A9590EC79BD9}"
EndProject
Global
	GlobalSection(SolutionConfigurationPlatforms) = preSolution
		Debug|Any CPU = Debug|Any CPU
		Release|Any CPU = Release|Any CPU
	EndGlobalSection
	GlobalSection(ProjectConfigurationPlatforms) = postSolution
		{0EBC2076-EEB2-402A-93DC-A9590EC79BD9}.Debug|Any CPU.ActiveCfg = Debug|Any CPU
		{0EBC2076-EEB2-402A-93DC-A9590EC79BD9}.Debug|Any CPU.Build.0 = Debug|Any CPU
		{0EBC2076-EEB2-402A-93DC-A9590EC79BD9}.Release|Any CPU.ActiveCfg = Release|Any CPU
		{0EBC2076-EEB2-402A-93DC-A9590EC79BD9}.Release|Any CPU.Build.0 = Release|Any CPU
	EndGlobalSection
	GlobalSection(SolutionProperties) = preSolution
		HideSolutionNode = FALSE
	EndGlobalSection
	GlobalSection(ExtensibilityGlobals) = postSolution
		SolutionGuid = {D63ED24E-F605-4E60-970D-9F27C0C44683}
	EndGlobalSection
EndGlobal
